// !$*UTF8*$!
{
	archiveVersion = 1;
	classes = {
	};
	objectVersion = 48;
	objects = {

/* Begin PBXBuildFile section */
		1810BB592064D2790087D6E0 /* AppDelegate.m in Sources */ = {isa = PBXBuildFile; fileRef = 1810BB582064D2790087D6E0 /* AppDelegate.m */; };
		1810BB5C2064D2790087D6E0 /* ViewController.m in Sources */ = {isa = PBXBuildFile; fileRef = 1810BB5B2064D2790087D6E0 /* ViewController.m */; };
		1810BB5F2064D2790087D6E0 /* Main.storyboard in Resources */ = {isa = PBXBuildFile; fileRef = 1810BB5D2064D2790087D6E0 /* Main.storyboard */; };
		1810BB612064D2790087D6E0 /* Assets.xcassets in Resources */ = {isa = PBXBuildFile; fileRef = 1810BB602064D2790087D6E0 /* Assets.xcassets */; };
		1810BB642064D2790087D6E0 /* LaunchScreen.storyboard in Resources */ = {isa = PBXBuildFile; fileRef = 1810BB622064D2790087D6E0 /* LaunchScreen.storyboard */; };
		1810BB672064D2790087D6E0 /* main.m in Sources */ = {isa = PBXBuildFile; fileRef = 1810BB662064D2790087D6E0 /* main.m */; };
		1810BB79206889C00087D6E0 /* MAbstractController.m in Sources */ = {isa = PBXBuildFile; fileRef = 1810BB78206889C00087D6E0 /* MAbstractController.m */; };
		1810BB7C206889F00087D6E0 /* MTabBarController.m in Sources */ = {isa = PBXBuildFile; fileRef = 1810BB7B206889F00087D6E0 /* MTabBarController.m */; };
		1810BB84206B84D00087D6E0 /* MHelp.m in Sources */ = {isa = PBXBuildFile; fileRef = 1810BB83206B84D00087D6E0 /* MHelp.m */; };
		1810BB88206B960C0087D6E0 /* MVideoController.m in Sources */ = {isa = PBXBuildFile; fileRef = 1810BB87206B960C0087D6E0 /* MVideoController.m */; };
		1810BB8B206B961B0087D6E0 /* MMineController.m in Sources */ = {isa = PBXBuildFile; fileRef = 1810BB8A206B961B0087D6E0 /* MMineController.m */; };
		1810BB8E206B962C0087D6E0 /* MLiveController.m in Sources */ = {isa = PBXBuildFile; fileRef = 1810BB8D206B962C0087D6E0 /* MLiveController.m */; };
		18E01DED206C8A9600C2E2EA /* MAppData.m in Sources */ = {isa = PBXBuildFile; fileRef = 18E01DEC206C8A9600C2E2EA /* MAppData.m */; };
		18E01DF6206C8F5900C2E2EA /* MURL.m in Sources */ = {isa = PBXBuildFile; fileRef = 18E01DF5206C8F5900C2E2EA /* MURL.m */; };
		B660CC48D07A1180EBF0202C /* libPods-Live.a in Frameworks */ = {isa = PBXBuildFile; fileRef = 4FCB09EC8F09649CD14A5A42 /* libPods-Live.a */; };
/* End PBXBuildFile section */

/* Begin PBXFileReference section */
		1810BB542064D2790087D6E0 /* Live.app */ = {isa = PBXFileReference; explicitFileType = wrapper.application; includeInIndex = 0; path = Live.app; sourceTree = BUILT_PRODUCTS_DIR; };
		1810BB572064D2790087D6E0 /* AppDelegate.h */ = {isa = PBXFileReference; lastKnownFileType = sourcecode.c.h; path = AppDelegate.h; sourceTree = "<group>"; };
		1810BB582064D2790087D6E0 /* AppDelegate.m */ = {isa = PBXFileReference; lastKnownFileType = sourcecode.c.objc; path = AppDelegate.m; sourceTree = "<group>"; };
		1810BB5A2064D2790087D6E0 /* ViewController.h */ = {isa = PBXFileReference; lastKnownFileType = sourcecode.c.h; path = ViewController.h; sourceTree = "<group>"; };
		1810BB5B2064D2790087D6E0 /* ViewController.m */ = {isa = PBXFileReference; lastKnownFileType = sourcecode.c.objc; path = ViewController.m; sourceTree = "<group>"; };
		1810BB5E2064D2790087D6E0 /* Base */ = {isa = PBXFileReference; lastKnownFileType = file.storyboard; name = Base; path = Base.lproj/Main.storyboard; sourceTree = "<group>"; };
		1810BB602064D2790087D6E0 /* Assets.xcassets */ = {isa = PBXFileReference; lastKnownFileType = folder.assetcatalog; path = Assets.xcassets; sourceTree = "<group>"; };
		1810BB632064D2790087D6E0 /* Base */ = {isa = PBXFileReference; lastKnownFileType = file.storyboard; name = Base; path = Base.lproj/LaunchScreen.storyboard; sourceTree = "<group>"; };
		1810BB652064D2790087D6E0 /* Info.plist */ = {isa = PBXFileReference; lastKnownFileType = text.plist.xml; path = Info.plist; sourceTree = "<group>"; };
		1810BB662064D2790087D6E0 /* main.m */ = {isa = PBXFileReference; lastKnownFileType = sourcecode.c.objc; path = main.m; sourceTree = "<group>"; };
		1810BB77206889C00087D6E0 /* MAbstractController.h */ = {isa = PBXFileReference; lastKnownFileType = sourcecode.c.h; path = MAbstractController.h; sourceTree = "<group>"; };
		1810BB78206889C00087D6E0 /* MAbstractController.m */ = {isa = PBXFileReference; lastKnownFileType = sourcecode.c.objc; path = MAbstractController.m; sourceTree = "<group>"; };
		1810BB7A206889F00087D6E0 /* MTabBarController.h */ = {isa = PBXFileReference; lastKnownFileType = sourcecode.c.h; path = MTabBarController.h; sourceTree = "<group>"; };
		1810BB7B206889F00087D6E0 /* MTabBarController.m */ = {isa = PBXFileReference; lastKnownFileType = sourcecode.c.objc; path = MTabBarController.m; sourceTree = "<group>"; };
		1810BB82206B84D00087D6E0 /* MHelp.h */ = {isa = PBXFileReference; lastKnownFileType = sourcecode.c.h; path = MHelp.h; sourceTree = "<group>"; };
		1810BB83206B84D00087D6E0 /* MHelp.m */ = {isa = PBXFileReference; lastKnownFileType = sourcecode.c.objc; path = MHelp.m; sourceTree = "<group>"; };
		1810BB85206B85720087D6E0 /* M.pch */ = {isa = PBXFileReference; lastKnownFileType = sourcecode.c.h; path = M.pch; sourceTree = "<group>"; };
		1810BB86206B960C0087D6E0 /* MVideoController.h */ = {isa = PBXFileReference; lastKnownFileType = sourcecode.c.h; path = MVideoController.h; sourceTree = "<group>"; };
		1810BB87206B960C0087D6E0 /* MVideoController.m */ = {isa = PBXFileReference; lastKnownFileType = sourcecode.c.objc; path = MVideoController.m; sourceTree = "<group>"; };
		1810BB89206B961B0087D6E0 /* MMineController.h */ = {isa = PBXFileReference; lastKnownFileType = sourcecode.c.h; path = MMineController.h; sourceTree = "<group>"; };
		1810BB8A206B961B0087D6E0 /* MMineController.m */ = {isa = PBXFileReference; lastKnownFileType = sourcecode.c.objc; path = MMineController.m; sourceTree = "<group>"; };
		1810BB8C206B962C0087D6E0 /* MLiveController.h */ = {isa = PBXFileReference; lastKnownFileType = sourcecode.c.h; path = MLiveController.h; sourceTree = "<group>"; };
		1810BB8D206B962C0087D6E0 /* MLiveController.m */ = {isa = PBXFileReference; lastKnownFileType = sourcecode.c.objc; path = MLiveController.m; sourceTree = "<group>"; };
		18E01DEB206C8A9600C2E2EA /* MAppData.h */ = {isa = PBXFileReference; lastKnownFileType = sourcecode.c.h; path = MAppData.h; sourceTree = "<group>"; };
		18E01DEC206C8A9600C2E2EA /* MAppData.m */ = {isa = PBXFileReference; lastKnownFileType = sourcecode.c.objc; path = MAppData.m; sourceTree = "<group>"; };
		18E01DF4206C8F5900C2E2EA /* MURL.h */ = {isa = PBXFileReference; lastKnownFileType = sourcecode.c.h; path = MURL.h; sourceTree = "<group>"; };
		18E01DF5206C8F5900C2E2EA /* MURL.m */ = {isa = PBXFileReference; lastKnownFileType = sourcecode.c.objc; path = MURL.m; sourceTree = "<group>"; };
		4FCB09EC8F09649CD14A5A42 /* libPods-Live.a */ = {isa = PBXFileReference; explicitFileType = archive.ar; includeInIndex = 0; path = "libPods-Live.a"; sourceTree = BUILT_PRODUCTS_DIR; };
		53C1B90DD80F72D699DB27C6 /* Pods-Live.release.xcconfig */ = {isa = PBXFileReference; includeInIndex = 1; lastKnownFileType = text.xcconfig; name = "Pods-Live.release.xcconfig"; path = "Pods/Target Support Files/Pods-Live/Pods-Live.release.xcconfig"; sourceTree = "<group>"; };
		695E595E546B122728B6EC8E /* Pods-Live.debug.xcconfig */ = {isa = PBXFileReference; includeInIndex = 1; lastKnownFileType = text.xcconfig; name = "Pods-Live.debug.xcconfig"; path = "Pods/Target Support Files/Pods-Live/Pods-Live.debug.xcconfig"; sourceTree = "<group>"; };
/* End PBXFileReference section */

/* Begin PBXFrameworksBuildPhase section */
		1810BB512064D2790087D6E0 /* Frameworks */ = {
			isa = PBXFrameworksBuildPhase;
			buildActionMask = 2147483647;
			files = (
				B660CC48D07A1180EBF0202C /* libPods-Live.a in Frameworks */,
			);
			runOnlyForDeploymentPostprocessing = 0;
		};
/* End PBXFrameworksBuildPhase section */

/* Begin PBXGroup section */
		1810BB4B2064D2790087D6E0 = {
			isa = PBXGroup;
			children = (
				1810BB562064D2790087D6E0 /* Live */,
				1810BB552064D2790087D6E0 /* Products */,
				8852782BB8D543FD509641DA /* Pods */,
				4DF966605AD4CD0BCF846A9B /* Frameworks */,
			);
			sourceTree = "<group>";
		};
		1810BB552064D2790087D6E0 /* Products */ = {
			isa = PBXGroup;
			children = (
				1810BB542064D2790087D6E0 /* Live.app */,
			);
			name = Products;
			sourceTree = "<group>";
		};
		1810BB562064D2790087D6E0 /* Live */ = {
			isa = PBXGroup;
			children = (
				1810BB70206887190087D6E0 /* src */,
				1810BB572064D2790087D6E0 /* AppDelegate.h */,
				1810BB582064D2790087D6E0 /* AppDelegate.m */,
				1810BB602064D2790087D6E0 /* Assets.xcassets */,
			);
			path = Live;
			sourceTree = "<group>";
		};
		1810BB70206887190087D6E0 /* src */ = {
			isa = PBXGroup;
			children = (
				1810BB71206887B80087D6E0 /* Abstract */,
				1810BB72206887B80087D6E0 /* lib */,
				1810BB73206887B80087D6E0 /* module */,
				1810BB7F206B844C0087D6E0 /* utils */,
				1810BB7E206B844C0087D6E0 /* other */,
			);
			path = src;
			sourceTree = "<group>";
		};
		1810BB71206887B80087D6E0 /* Abstract */ = {
			isa = PBXGroup;
			children = (
				1810BB77206889C00087D6E0 /* MAbstractController.h */,
				1810BB78206889C00087D6E0 /* MAbstractController.m */,
				1810BB7A206889F00087D6E0 /* MTabBarController.h */,
				1810BB7B206889F00087D6E0 /* MTabBarController.m */,
			);
			path = Abstract;
			sourceTree = "<group>";
		};
		1810BB72206887B80087D6E0 /* lib */ = {
			isa = PBXGroup;
			children = (
				18E01DF4206C8F5900C2E2EA /* MURL.h */,
				18E01DF5206C8F5900C2E2EA /* MURL.m */,
			);
			path = lib;
			sourceTree = "<group>";
		};
		1810BB73206887B80087D6E0 /* module */ = {
			isa = PBXGroup;
			children = (
				1810BB75206888010087D6E0 /* Video */,
				1810BB76206888010087D6E0 /* Live */,
				1810BB74206888010087D6E0 /* Mine */,
			);
			path = module;
			sourceTree = "<group>";
		};
		1810BB74206888010087D6E0 /* Mine */ = {
			isa = PBXGroup;
			children = (
				1810BB89206B961B0087D6E0 /* MMineController.h */,
				1810BB8A206B961B0087D6E0 /* MMineController.m */,
			);
			path = Mine;
			sourceTree = "<group>";
		};
		1810BB75206888010087D6E0 /* Video */ = {
			isa = PBXGroup;
			children = (
				1810BB86206B960C0087D6E0 /* MVideoController.h */,
				1810BB87206B960C0087D6E0 /* MVideoController.m */,
			);
			path = Video;
			sourceTree = "<group>";
		};
		1810BB76206888010087D6E0 /* Live */ = {
			isa = PBXGroup;
			children = (
				1810BB8C206B962C0087D6E0 /* MLiveController.h */,
				1810BB8D206B962C0087D6E0 /* MLiveController.m */,
			);
			path = Live;
			sourceTree = "<group>";
		};
		1810BB7E206B844C0087D6E0 /* other */ = {
			isa = PBXGroup;
			children = (
				1810BB5A2064D2790087D6E0 /* ViewController.h */,
				1810BB5B2064D2790087D6E0 /* ViewController.m */,
				1810BB5D2064D2790087D6E0 /* Main.storyboard */,
				1810BB622064D2790087D6E0 /* LaunchScreen.storyboard */,
				1810BB652064D2790087D6E0 /* Info.plist */,
				1810BB662064D2790087D6E0 /* main.m */,
				1810BB85206B85720087D6E0 /* M.pch */,
			);
			name = other;
			path = Live/src/other;
			sourceTree = SOURCE_ROOT;
		};
		1810BB7F206B844C0087D6E0 /* utils */ = {
			isa = PBXGroup;
			children = (
				1810BB80206B84BB0087D6E0 /* MAppData */,
				1810BB81206B84BB0087D6E0 /* MHelp */,
			);
			name = utils;
			path = Live/src/utils;
			sourceTree = SOURCE_ROOT;
		};
		1810BB80206B84BB0087D6E0 /* MAppData */ = {
			isa = PBXGroup;
			children = (
				18E01DEB206C8A9600C2E2EA /* MAppData.h */,
				18E01DEC206C8A9600C2E2EA /* MAppData.m */,
			);
			path = MAppData;
			sourceTree = "<group>";
		};
		1810BB81206B84BB0087D6E0 /* MHelp */ = {
			isa = PBXGroup;
			children = (
				1810BB82206B84D00087D6E0 /* MHelp.h */,
				1810BB83206B84D00087D6E0 /* MHelp.m */,
			);
			path = MHelp;
			sourceTree = "<group>";
		};
		4DF966605AD4CD0BCF846A9B /* Frameworks */ = {
			isa = PBXGroup;
			children = (
				4FCB09EC8F09649CD14A5A42 /* libPods-Live.a */,
			);
			name = Frameworks;
			sourceTree = "<group>";
		};
		8852782BB8D543FD509641DA /* Pods */ = {
			isa = PBXGroup;
			children = (
				695E595E546B122728B6EC8E /* Pods-Live.debug.xcconfig */,
				53C1B90DD80F72D699DB27C6 /* Pods-Live.release.xcconfig */,
			);
			name = Pods;
			sourceTree = "<group>";
		};
/* End PBXGroup section */

/* Begin PBXNativeTarget section */
		1810BB532064D2790087D6E0 /* Live */ = {
			isa = PBXNativeTarget;
			buildConfigurationList = 1810BB6A2064D2790087D6E0 /* Build configuration list for PBXNativeTarget "Live" */;
			buildPhases = (
				D35DD6F3F86907B15C4B01D1 /* [CP] Check Pods Manifest.lock */,
				1810BB502064D2790087D6E0 /* Sources */,
				1810BB512064D2790087D6E0 /* Frameworks */,
				1810BB522064D2790087D6E0 /* Resources */,
				7DCE90ADF569F957A548C349 /* [CP] Embed Pods Frameworks */,
				D7DF49EF13B0E6124B6A3734 /* [CP] Copy Pods Resources */,
			);
			buildRules = (
			);
			dependencies = (
			);
			name = Live;
			productName = Live;
			productReference = 1810BB542064D2790087D6E0 /* Live.app */;
			productType = "com.apple.product-type.application";
		};
/* End PBXNativeTarget section */

/* Begin PBXProject section */
		1810BB4C2064D2790087D6E0 /* Project object */ = {
			isa = PBXProject;
			attributes = {
				CLASSPREFIX = M;
				LastUpgradeCheck = 0920;
				ORGANIZATIONNAME = Never;
				TargetAttributes = {
					1810BB532064D2790087D6E0 = {
						CreatedOnToolsVersion = 9.2;
						ProvisioningStyle = Automatic;
					};
				};
			};
			buildConfigurationList = 1810BB4F2064D2790087D6E0 /* Build configuration list for PBXProject "Live" */;
			compatibilityVersion = "Xcode 8.0";
			developmentRegion = en;
			hasScannedForEncodings = 0;
			knownRegions = (
				en,
				Base,
			);
			mainGroup = 1810BB4B2064D2790087D6E0;
			productRefGroup = 1810BB552064D2790087D6E0 /* Products */;
			projectDirPath = "";
			projectRoot = "";
			targets = (
				1810BB532064D2790087D6E0 /* Live */,
			);
		};
/* End PBXProject section */

/* Begin PBXResourcesBuildPhase section */
		1810BB522064D2790087D6E0 /* Resources */ = {
			isa = PBXResourcesBuildPhase;
			buildActionMask = 2147483647;
			files = (
				1810BB642064D2790087D6E0 /* LaunchScreen.storyboard in Resources */,
				1810BB612064D2790087D6E0 /* Assets.xcassets in Resources */,
				1810BB5F2064D2790087D6E0 /* Main.storyboard in Resources */,
			);
			runOnlyForDeploymentPostprocessing = 0;
		};
/* End PBXResourcesBuildPhase section */

/* Begin PBXShellScriptBuildPhase section */
		7DCE90ADF569F957A548C349 /* [CP] Embed Pods Frameworks */ = {
			isa = PBXShellScriptBuildPhase;
			buildActionMask = 2147483647;
			files = (
			);
			inputPaths = (
			);
			name = "[CP] Embed Pods Frameworks";
			outputPaths = (
			);
			runOnlyForDeploymentPostprocessing = 0;
			shellPath = /bin/sh;
			shellScript = "\"${SRCROOT}/Pods/Target Support Files/Pods-Live/Pods-Live-frameworks.sh\"\n";
			showEnvVarsInLog = 0;
		};
		D35DD6F3F86907B15C4B01D1 /* [CP] Check Pods Manifest.lock */ = {
			isa = PBXShellScriptBuildPhase;
			buildActionMask = 2147483647;
			files = (
			);
			inputPaths = (
				"${PODS_PODFILE_DIR_PATH}/Podfile.lock",
				"${PODS_ROOT}/Manifest.lock",
			);
			name = "[CP] Check Pods Manifest.lock";
			outputPaths = (
				"$(DERIVED_FILE_DIR)/Pods-Live-checkManifestLockResult.txt",
			);
			runOnlyForDeploymentPostprocessing = 0;
			shellPath = /bin/sh;
			shellScript = "diff \"${PODS_PODFILE_DIR_PATH}/Podfile.lock\" \"${PODS_ROOT}/Manifest.lock\" > /dev/null\nif [ $? != 0 ] ; then\n    # print error to STDERR\n    echo \"error: The sandbox is not in sync with the Podfile.lock. Run 'pod install' or update your CocoaPods installation.\" >&2\n    exit 1\nfi\n# This output is used by Xcode 'outputs' to avoid re-running this script phase.\necho \"SUCCESS\" > \"${SCRIPT_OUTPUT_FILE_0}\"\n";
			showEnvVarsInLog = 0;
		};
		D7DF49EF13B0E6124B6A3734 /* [CP] Copy Pods Resources */ = {
			isa = PBXShellScriptBuildPhase;
			buildActionMask = 2147483647;
			files = (
			);
			inputPaths = (
			);
			name = "[CP] Copy Pods Resources";
			outputPaths = (
			);
			runOnlyForDeploymentPostprocessing = 0;
			shellPath = /bin/sh;
			shellScript = "\"${SRCROOT}/Pods/Target Support Files/Pods-Live/Pods-Live-resources.sh\"\n";
			showEnvVarsInLog = 0;
		};
/* End PBXShellScriptBuildPhase section */

/* Begin PBXSourcesBuildPhase section */
		1810BB502064D2790087D6E0 /* Sources */ = {
			isa = PBXSourcesBuildPhase;
			buildActionMask = 2147483647;
			files = (
				1810BB84206B84D00087D6E0 /* MHelp.m in Sources */,
				1810BB8E206B962C0087D6E0 /* MLiveController.m in Sources */,
				1810BB5C2064D2790087D6E0 /* ViewController.m in Sources */,
				18E01DF6206C8F5900C2E2EA /* MURL.m in Sources */,
				18E01DED206C8A9600C2E2EA /* MAppData.m in Sources */,
				1810BB79206889C00087D6E0 /* MAbstractController.m in Sources */,
				1810BB88206B960C0087D6E0 /* MVideoController.m in Sources */,
				1810BB672064D2790087D6E0 /* main.m in Sources */,
				1810BB7C206889F00087D6E0 /* MTabBarController.m in Sources */,
				1810BB8B206B961B0087D6E0 /* MMineController.m in Sources */,
				1810BB592064D2790087D6E0 /* AppDelegate.m in Sources */,
			);
			runOnlyForDeploymentPostprocessing = 0;
		};
/* End PBXSourcesBuildPhase section */

/* Begin PBXVariantGroup section */
		1810BB5D2064D2790087D6E0 /* Main.storyboard */ = {
			isa = PBXVariantGroup;
			children = (
				1810BB5E2064D2790087D6E0 /* Base */,
			);
			name = Main.storyboard;
			sourceTree = "<group>";
		};
		1810BB622064D2790087D6E0 /* LaunchScreen.storyboard */ = {
			isa = PBXVariantGroup;
			children = (
				1810BB632064D2790087D6E0 /* Base */,
			);
			name = LaunchScreen.storyboard;
			sourceTree = "<group>";
		};
/* End PBXVariantGroup section */

/* Begin XCBuildConfiguration section */
		1810BB682064D2790087D6E0 /* Debug */ = {
			isa = XCBuildConfiguration;
			buildSettings = {
				ALWAYS_SEARCH_USER_PATHS = NO;
				CLANG_ANALYZER_NONNULL = YES;
				CLANG_ANALYZER_NUMBER_OBJECT_CONVERSION = YES_AGGRESSIVE;
				CLANG_CXX_LANGUAGE_STANDARD = "gnu++14";
				CLANG_CXX_LIBRARY = "libc++";
				CLANG_ENABLE_MODULES = YES;
				CLANG_ENABLE_OBJC_ARC = YES;
				CLANG_WARN_BLOCK_CAPTURE_AUTORELEASING = YES;
				CLANG_WARN_BOOL_CONVERSION = YES;
				CLANG_WARN_COMMA = YES;
				CLANG_WARN_CONSTANT_CONVERSION = YES;
				CLANG_WARN_DIRECT_OBJC_ISA_USAGE = YES_ERROR;
				CLANG_WARN_DOCUMENTATION_COMMENTS = YES;
				CLANG_WARN_EMPTY_BODY = YES;
				CLANG_WARN_ENUM_CONVERSION = YES;
				CLANG_WARN_INFINITE_RECURSION = YES;
				CLANG_WARN_INT_CONVERSION = YES;
				CLANG_WARN_NON_LITERAL_NULL_CONVERSION = YES;
				CLANG_WARN_OBJC_LITERAL_CONVERSION = YES;
				CLANG_WARN_OBJC_ROOT_CLASS = YES_ERROR;
				CLANG_WARN_RANGE_LOOP_ANALYSIS = YES;
				CLANG_WARN_STRICT_PROTOTYPES = YES;
				CLANG_WARN_SUSPICIOUS_MOVE = YES;
				CLANG_WARN_UNGUARDED_AVAILABILITY = YES_AGGRESSIVE;
				CLANG_WARN_UNREACHABLE_CODE = YES;
				CLANG_WARN__DUPLICATE_METHOD_MATCH = YES;
				CODE_SIGN_IDENTITY = "iPhone Developer";
				COPY_PHASE_STRIP = NO;
				DEBUG_INFORMATION_FORMAT = dwarf;
				ENABLE_STRICT_OBJC_MSGSEND = YES;
				ENABLE_TESTABILITY = YES;
				GCC_C_LANGUAGE_STANDARD = gnu11;
				GCC_DYNAMIC_NO_PIC = NO;
				GCC_NO_COMMON_BLOCKS = YES;
				GCC_OPTIMIZATION_LEVEL = 0;
				GCC_PREPROCESSOR_DEFINITIONS = (
					"DEBUG=1",
					"$(inherited)",
				);
				GCC_WARN_64_TO_32_BIT_CONVERSION = YES;
				GCC_WARN_ABOUT_RETURN_TYPE = YES_ERROR;
				GCC_WARN_UNDECLARED_SELECTOR = YES;
				GCC_WARN_UNINITIALIZED_AUTOS = YES_AGGRESSIVE;
				GCC_WARN_UNUSED_FUNCTION = YES;
				GCC_WARN_UNUSED_VARIABLE = YES;
				IPHONEOS_DEPLOYMENT_TARGET = 11.2;
				MTL_ENABLE_DEBUG_INFO = YES;
				ONLY_ACTIVE_ARCH = YES;
				SDKROOT = iphoneos;
			};
			name = Debug;
		};
		1810BB692064D2790087D6E0 /* Release */ = {
			isa = XCBuildConfiguration;
			buildSettings = {
				ALWAYS_SEARCH_USER_PATHS = NO;
				CLANG_ANALYZER_NONNULL = YES;
				CLANG_ANALYZER_NUMBER_OBJECT_CONVERSION = YES_AGGRESSIVE;
				CLANG_CXX_LANGUAGE_STANDARD = "gnu++14";
				CLANG_CXX_LIBRARY = "libc++";
				CLANG_ENABLE_MODULES = YES;
				CLANG_ENABLE_OBJC_ARC = YES;
				CLANG_WARN_BLOCK_CAPTURE_AUTORELEASING = YES;
				CLANG_WARN_BOOL_CONVERSION = YES;
				CLANG_WARN_COMMA = YES;
				CLANG_WARN_CONSTANT_CONVERSION = YES;
				CLANG_WARN_DIRECT_OBJC_ISA_USAGE = YES_ERROR;
				CLANG_WARN_DOCUMENTATION_COMMENTS = YES;
				CLANG_WARN_EMPTY_BODY = YES;
				CLANG_WARN_ENUM_CONVERSION = YES;
				CLANG_WARN_INFINITE_RECURSION = YES;
				CLANG_WARN_INT_CONVERSION = YES;
				CLANG_WARN_NON_LITERAL_NULL_CONVERSION = YES;
				CLANG_WARN_OBJC_LITERAL_CONVERSION = YES;
				CLANG_WARN_OBJC_ROOT_CLASS = YES_ERROR;
				CLANG_WARN_RANGE_LOOP_ANALYSIS = YES;
				CLANG_WARN_STRICT_PROTOTYPES = YES;
				CLANG_WARN_SUSPICIOUS_MOVE = YES;
				CLANG_WARN_UNGUARDED_AVAILABILITY = YES_AGGRESSIVE;
				CLANG_WARN_UNREACHABLE_CODE = YES;
				CLANG_WARN__DUPLICATE_METHOD_MATCH = YES;
				CODE_SIGN_IDENTITY = "iPhone Developer";
				COPY_PHASE_STRIP = NO;
				DEBUG_INFORMATION_FORMAT = "dwarf-with-dsym";
				ENABLE_NS_ASSERTIONS = NO;
				ENABLE_STRICT_OBJC_MSGSEND = YES;
				GCC_C_LANGUAGE_STANDARD = gnu11;
				GCC_NO_COMMON_BLOCKS = YES;
				GCC_WARN_64_TO_32_BIT_CONVERSION = YES;
				GCC_WARN_ABOUT_RETURN_TYPE = YES_ERROR;
				GCC_WARN_UNDECLARED_SELECTOR = YES;
				GCC_WARN_UNINITIALIZED_AUTOS = YES_AGGRESSIVE;
				GCC_WARN_UNUSED_FUNCTION = YES;
				GCC_WARN_UNUSED_VARIABLE = YES;
				IPHONEOS_DEPLOYMENT_TARGET = 11.2;
				MTL_ENABLE_DEBUG_INFO = NO;
				SDKROOT = iphoneos;
				VALIDATE_PRODUCT = YES;
			};
			name = Release;
		};
		1810BB6B2064D2790087D6E0 /* Debug */ = {
			isa = XCBuildConfiguration;
			baseConfigurationReference = 695E595E546B122728B6EC8E /* Pods-Live.debug.xcconfig */;
			buildSettings = {
				ASSETCATALOG_COMPILER_APPICON_NAME = AppIcon;
				ASSETCATALOG_COMPILER_LAUNCHIMAGE_NAME = LaunchImage;
				CODE_SIGN_STYLE = Automatic;
				DEVELOPMENT_TEAM = BZBLWU4MK8;
				GCC_PREFIX_HEADER = "$(SRCROOT)/Live/src/other/M.pch";
				INFOPLIST_FILE = "$(SRCROOT)/Live/src/other/Info.plist";
				IPHONEOS_DEPLOYMENT_TARGET = 9.0;
				LD_RUNPATH_SEARCH_PATHS = "$(inherited) @executable_path/Frameworks";
				PRODUCT_BUNDLE_IDENTIFIER = Y.com.Live;
				PRODUCT_NAME = "$(TARGET_NAME)";
				TARGETED_DEVICE_FAMILY = 1;
			};
			name = Debug;
		};
		1810BB6C2064D2790087D6E0 /* Release */ = {
			isa = XCBuildConfiguration;
			baseConfigurationReference = 53C1B90DD80F72D699DB27C6 /* Pods-Live.release.xcconfig */;
			buildSettings = {
				ASSETCATALOG_COMPILER_APPICON_NAME = AppIcon;
				ASSETCATALOG_COMPILER_LAUNCHIMAGE_NAME = LaunchImage;
				CODE_SIGN_STYLE = Automatic;
				DEVELOPMENT_TEAM = BZBLWU4MK8;
				GCC_PREFIX_HEADER = "$(SRCROOT)/Live/src/other/M.pch";
				INFOPLIST_FILE = "$(SRCROOT)/Live/src/other/Info.plist";
				IPHONEOS_DEPLOYMENT_TARGET = 9.0;
				LD_RUNPATH_SEARCH_PATHS = "$(inherited) @executable_path/Frameworks";
				PRODUCT_BUNDLE_IDENTIFIER = Y.com.Live;
				PRODUCT_NAME = "$(TARGET_NAME)";
				TARGETED_DEVICE_FAMILY = 1;
			};
			name = Release;
		};
/* End XCBuildConfiguration section */

/* Begin XCConfigurationList section */
		1810BB4F2064D2790087D6E0 /* Build configuration list for PBXProject "Live" */ = {
			isa = XCConfigurationList;
			buildConfigurations = (
				1810BB682064D2790087D6E0 /* Debug */,
				1810BB692064D2790087D6E0 /* Release */,
			);
			defaultConfigurationIsVisible = 0;
			defaultConfigurationName = Release;
		};
		1810BB6A2064D2790087D6E0 /* Build configuration list for PBXNativeTarget "Live" */ = {
			isa = XCConfigurationList;
			buildConfigurations = (
				1810BB6B2064D2790087D6E0 /* Debug */,
				1810BB6C2064D2790087D6E0 /* Release */,
			);
			defaultConfigurationIsVisible = 0;
			defaultConfigurationName = Release;
		};
/* End XCConfigurationList section */
	};
	rootObject = 1810BB4C2064D2790087D6E0 /* Project object */;
}
